{
  "name": "memoir-app",
  "requires": true,
  "lockfileVersion": 1,
  "dependencies": {
    "preact": {
      "version": "8.4.2",
      "resolved": "https://registry.npmjs.org/preact/-/preact-8.4.2.tgz",
      "integrity": "sha512-TsINETWiisfB6RTk0wh3/mvxbGRvx+ljeBccZ4Z6MPFKgu/KFGyf2Bmw3Z/jlXhL5JlNKY6QAbA9PVyzIy9//A=="
    },
    "preact-router": {
      "version": "2.6.1",
      "resolved": "https://registry.npmjs.org/preact-router/-/preact-router-2.6.1.tgz",
      "integrity": "sha512-Ql3fptQ8hiioIw5zUcWUq5NShl7yFR4e6KBUzLbGI7+HKMIgBnH+aOITN5IrY1rbr2vhKXBdHdd9nLbbjcJTOQ=="
    },
    "typescript": {
      "version": "3.3.3",
      "resolved": "https://registry.npmjs.org/typescript/-/typescript-3.3.3.tgz",
      "integrity": "sha512-Y21Xqe54TBVp+VDSNbuDYdGw0BpoR/Q6wo/+35M8PAU0vipahnyduJWirxxdxjsAkS7hue53x2zp8gz7F05u0A==",
      "dev": true
    }
  }
}
